// !$*UTF8*$!
{
	archiveVersion = 1;
	classes = {
	};
	objectVersion = 56;
	objects = {

/* Begin PBXBuildFile section */
		AA1001000000000000000001 /* ApplianceChecklistApp.swift in Sources */ = {isa = PBXBuildFile; fileRef = AA2001000000000000000001 /* ApplianceChecklistApp.swift */; };
		AA1001000000000000000002 /* Job.swift in Sources */ = {isa = PBXBuildFile; fileRef = AA2001000000000000000002 /* Job.swift */; };
		AA1001000000000000000003 /* ChecklistTemplates.swift in Sources */ = {isa = PBXBuildFile; fileRef = AA2001000000000000000003 /* ChecklistTemplates.swift */; };
		AA1001000000000000000004 /* CalendarService.swift in Sources */ = {isa = PBXBuildFile; fileRef = AA2001000000000000000004 /* CalendarService.swift */; };
		AA1001000000000000000005 /* NotificationService.swift in Sources */ = {isa = PBXBuildFile; fileRef = AA2001000000000000000005 /* NotificationService.swift */; };
		AA1001000000000000000006 /* JobListView.swift in Sources */ = {isa = PBXBuildFile; fileRef = AA2001000000000000000006 /* JobListView.swift */; };
		AA1001000000000000000007 /* AddEditJobView.swift in Sources */ = {isa = PBXBuildFile; fileRef = AA2001000000000000000007 /* AddEditJobView.swift */; };
		AA1001000000000000000008 /* JobDetailView.swift in Sources */ = {isa = PBXBuildFile; fileRef = AA2001000000000000000008 /* JobDetailView.swift */; };
		AA1001000000000000000009 /* ChecklistView.swift in Sources */ = {isa = PBXBuildFile; fileRef = AA2001000000000000000009 /* ChecklistView.swift */; };
		AA100100000000000000000E /* DriveTimeService.swift in Sources */ = {isa = PBXBuildFile; fileRef = AA200100000000000000000E /* DriveTimeService.swift */; };
		AA100100000000000000000F /* LocationCompleterService.swift in Sources */ = {isa = PBXBuildFile; fileRef = AA200100000000000000000F /* LocationCompleterService.swift */; };
		AA1001000000000000000010 /* AddressFieldWithSuggestions.swift in Sources */ = {isa = PBXBuildFile; fileRef = AA2001000000000000000010 /* AddressFieldWithSuggestions.swift */; };
		AA100100000000000000000B /* Assets.xcassets in Resources */ = {isa = PBXBuildFile; fileRef = AA200100000000000000000B /* Assets.xcassets */; };
/* End PBXBuildFile section */

/* Begin PBXFileReference section */
		AA2001000000000000000001 /* ApplianceChecklistApp.swift */ = {isa = PBXFileReference; lastKnownFileType = sourcecode.swift; path = ApplianceChecklistApp.swift; sourceTree = "<group>"; };
		AA2001000000000000000002 /* Job.swift */ = {isa = PBXFileReference; lastKnownFileType = sourcecode.swift; path = Job.swift; sourceTree = "<group>"; };
		AA2001000000000000000003 /* ChecklistTemplates.swift */ = {isa = PBXFileReference; lastKnownFileType = sourcecode.swift; path = ChecklistTemplates.swift; sourceTree = "<group>"; };
		AA2001000000000000000004 /* CalendarService.swift */ = {isa = PBXFileReference; lastKnownFileType = sourcecode.swift; path = CalendarService.swift; sourceTree = "<group>"; };
		AA2001000000000000000005 /* NotificationService.swift */ = {isa = PBXFileReference; lastKnownFileType = sourcecode.swift; path = NotificationService.swift; sourceTree = "<group>"; };
		AA2001000000000000000006 /* JobListView.swift */ = {isa = PBXFileReference; lastKnownFileType = sourcecode.swift; path = JobListView.swift; sourceTree = "<group>"; };
		AA2001000000000000000007 /* AddEditJobView.swift */ = {isa = PBXFileReference; lastKnownFileType = sourcecode.swift; path = AddEditJobView.swift; sourceTree = "<group>"; };
		AA2001000000000000000008 /* JobDetailView.swift */ = {isa = PBXFileReference; lastKnownFileType = sourcecode.swift; path = JobDetailView.swift; sourceTree = "<group>"; };
		AA2001000000000000000009 /* ChecklistView.swift */ = {isa = PBXFileReference; lastKnownFileType = sourcecode.swift; path = ChecklistView.swift; sourceTree = "<group>"; };
		AA200100000000000000000E /* DriveTimeService.swift */ = {isa = PBXFileReference; lastKnownFileType = sourcecode.swift; path = DriveTimeService.swift; sourceTree = "<group>"; };
		AA200100000000000000000F /* LocationCompleterService.swift */ = {isa = PBXFileReference; lastKnownFileType = sourcecode.swift; path = LocationCompleterService.swift; sourceTree = "<group>"; };
		AA2001000000000000000010 /* AddressFieldWithSuggestions.swift */ = {isa = PBXFileReference; lastKnownFileType = sourcecode.swift; path = AddressFieldWithSuggestions.swift; sourceTree = "<group>"; };
		AA200100000000000000000A /* Info.plist */ = {isa = PBXFileReference; lastKnownFileType = text.plist.xml; path = Info.plist; sourceTree = "<group>"; };
		AA200100000000000000000B /* Assets.xcassets */ = {isa = PBXFileReference; lastKnownFileType = folder.assetcatalog; path = Assets.xcassets; sourceTree = "<group>"; };
		AA200100000000000000000C /* ApplianceChecklist.entitlements */ = {isa = PBXFileReference; lastKnownFileType = text.plist.entitlements; path = ApplianceChecklist.entitlements; sourceTree = "<group>"; };
		AA200100000000000000000D /* ApplianceChecklist.app */ = {isa = PBXFileReference; explicitFileType = wrapper.application; includeInIndex = 0; path = ApplianceChecklist.app; sourceTree = BUILT_PRODUCTS_DIR; };
/* End PBXFileReference section */

/* Begin PBXFrameworksBuildPhase section */
		AA3001000000000000000001 /* Frameworks */ = {
			isa = PBXFrameworksBuildPhase;
			buildActionMask = 2147483647;
			files = (
			);
			runOnlyForDeploymentPostprocessing = 0;
		};
/* End PBXFrameworksBuildPhase section */

/* Begin PBXGroup section */
		AA4001000000000000000001 = {
			isa = PBXGroup;
			children = (
				AA4001000000000000000002 /* ApplianceChecklist */,
				AA4001000000000000000007 /* Products */,
			);
			sourceTree = "<group>";
		};
		AA4001000000000000000002 /* ApplianceChecklist */ = {
			isa = PBXGroup;
			children = (
				AA2001000000000000000001 /* ApplianceChecklistApp.swift */,
				AA4001000000000000000003 /* Models */,
				AA4001000000000000000004 /* Services */,
				AA4001000000000000000005 /* Views */,
				AA4001000000000000000006 /* ChecklistData */,
				AA200100000000000000000B /* Assets.xcassets */,
				AA200100000000000000000A /* Info.plist */,
				AA200100000000000000000C /* ApplianceChecklist.entitlements */,
			);
			path = ApplianceChecklist;
			sourceTree = "<group>";
		};
		AA4001000000000000000003 /* Models */ = {
			isa = PBXGroup;
			children = (
				AA2001000000000000000002 /* Job.swift */,
			);
			path = Models;
			sourceTree = "<group>";
		};
		AA4001000000000000000004 /* Services */ = {
			isa = PBXGroup;
			children = (
				AA2001000000000000000004 /* CalendarService.swift */,
				AA2001000000000000000005 /* NotificationService.swift */,
				AA200100000000000000000E /* DriveTimeService.swift */,
				AA200100000000000000000F /* LocationCompleterService.swift */,
			);
			path = Services;
			sourceTree = "<group>";
		};
		AA4001000000000000000005 /* Views */ = {
			isa = PBXGroup;
			children = (
				AA2001000000000000000006 /* JobListView.swift */,
				AA2001000000000000000007 /* AddEditJobView.swift */,
				AA2001000000000000000010 /* AddressFieldWithSuggestions.swift */,
				AA2001000000000000000008 /* JobDetailView.swift */,
				AA2001000000000000000009 /* ChecklistView.swift */,
			);
			path = Views;
			sourceTree = "<group>";
		};
		AA4001000000000000000006 /* ChecklistData */ = {
			isa = PBXGroup;
			children = (
				AA2001000000000000000003 /* ChecklistTemplates.swift */,
			);
			path = ChecklistData;
			sourceTree = "<group>";
		};
		AA4001000000000000000007 /* Products */ = {
			isa = PBXGroup;
			children = (
				AA200100000000000000000D /* ApplianceChecklist.app */,
			);
			name = Products;
			sourceTree = "<group>";
		};
/* End PBXGroup section */

/* Begin PBXNativeTarget section */
		AA5001000000000000000001 /* ApplianceChecklist */ = {
			isa = PBXNativeTarget;
			buildConfigurationList = AA7001000000000000000002 /* Build configuration list for PBXNativeTarget "ApplianceChecklist" */;
			buildPhases = (
				AA6001000000000000000001 /* Sources */,
				AA3001000000000000000001 /* Frameworks */,
				AA6001000000000000000002 /* Resources */,
			);
			buildRules = (
			);
			dependencies = (
			);
			name = ApplianceChecklist;
			productName = ApplianceChecklist;
			productReference = AA200100000000000000000D /* ApplianceChecklist.app */;
			productType = "com.apple.product-type.application";
		};
/* End PBXNativeTarget section */

/* Begin PBXProject section */
		AA8001000000000000000001 /* Project object */ = {
			isa = PBXProject;
			attributes = {
				BuildIndependentTargetsInParallel = 1;
				LastSwiftUpdateCheck = 1500;
				LastUpgradeCheck = 1500;
				TargetAttributes = {
					AA5001000000000000000001 = {
						CreatedOnToolsVersion = 15.0;
					};
				};
			};
			buildConfigurationList = AA7001000000000000000001 /* Build configuration list for PBXProject "ApplianceChecklist" */;
			compatibilityVersion = "Xcode 14.0";
			developmentRegion = en;
			hasScannedForEncodings = 0;
			knownRegions = (
				en,
				Base,
			);
			mainGroup = AA4001000000000000000001;
			productRefGroup = AA4001000000000000000007 /* Products */;
			projectDirPath = "";
			projectRoot = "";
			targets = (
				AA5001000000000000000001 /* ApplianceChecklist */,
			);
		};
/* End PBXProject section */

/* Begin PBXResourcesBuildPhase section */
		AA6001000000000000000002 /* Resources */ = {
			isa = PBXResourcesBuildPhase;
			buildActionMask = 2147483647;
			files = (
				AA100100000000000000000B /* Assets.xcassets in Resources */,
			);
			runOnlyForDeploymentPostprocessing = 0;
		};
/* End PBXResourcesBuildPhase section */

/* Begin PBXSourcesBuildPhase section */
		AA6001000000000000000001 /* Sources */ = {
			isa = PBXSourcesBuildPhase;
			buildActionMask = 2147483647;
			files = (
				AA1001000000000000000001 /* ApplianceChecklistApp.swift in Sources */,
				AA1001000000000000000002 /* Job.swift in Sources */,
				AA1001000000000000000003 /* ChecklistTemplates.swift in Sources */,
				AA1001000000000000000004 /* CalendarService.swift in Sources */,
				AA1001000000000000000005 /* NotificationService.swift in Sources */,
				AA1001000000000000000006 /* JobListView.swift in Sources */,
				AA1001000000000000000007 /* AddEditJobView.swift in Sources */,
				AA1001000000000000000008 /* JobDetailView.swift in Sources */,
				AA1001000000000000000009 /* ChecklistView.swift in Sources */,
				AA100100000000000000000E /* DriveTimeService.swift in Sources */,
				AA100100000000000000000F /* LocationCompleterService.swift in Sources */,
				AA1001000000000000000010 /* AddressFieldWithSuggestions.swift in Sources */,
			);
			runOnlyForDeploymentPostprocessing = 0;
		};
/* End PBXSourcesBuildPhase section */

/* Begin XCBuildConfiguration section */
		AA9001000000000000000001 /* Debug */ = {
			isa = XCBuildConfiguration;
			buildSettings = {
				ALWAYS_SEARCH_USER_PATHS = NO;
				ASSETCATALOG_COMPILER_GENERATE_SWIFT_ASSET_SYMBOL_EXTENSIONS = YES;
				CLANG_ANALYZER_NONNULL = YES;
				CLANG_ANALYZER_NUMBER_OBJECT_CONVERSION = YES_AGGRESSIVE;
				CLANG_CXX_LANGUAGE_STANDARD = "gnu++20";
				CLANG_ENABLE_MODULES = YES;
				CLANG_ENABLE_OBJC_ARC = YES;
				CLANG_ENABLE_OBJC_WEAK = YES;
				CLANG_WARN_BLOCK_CAPTURE_AUTORELEASING = YES;
				CLANG_WARN_BOOL_CONVERSION = YES;
				CLANG_WARN_COMMA = YES;
				CLANG_WARN_CONSTANT_CONVERSION = YES;
				CLANG_WARN_DEPRECATED_OBJC_IMPLEMENTATIONS = YES;
				CLANG_WARN_DIRECT_OBJC_ISA_USAGE = YES_ERROR;
				CLANG_WARN_DOCUMENTATION_COMMENTS = YES;
				CLANG_WARN_EMPTY_BODY = YES;
				CLANG_WARN_ENUM_CONVERSION = YES;
				CLANG_WARN_INFINITE_RECURSION = YES;
				CLANG_WARN_INT_CONVERSION = YES;
				CLANG_WARN_NON_LITERAL_NULL_CONVERSION = YES;
				CLANG_WARN_OBJC_IMPLICIT_RETAIN_SELF = YES;
				CLANG_WARN_OBJC_LITERAL_CONVERSION = YES;
				CLANG_WARN_OBJC_ROOT_CLASS = YES_ERROR;
				CLANG_WARN_QUOTED_INCLUDE_IN_FRAMEWORK_HEADER = YES;
				CLANG_WARN_RANGE_LOOP_ANALYSIS = YES;
				CLANG_WARN_STRICT_PROTOTYPES = YES;
				CLANG_WARN_SUSPICIOUS_MOVE = YES;
				CLANG_WARN_UNGUARDED_AVAILABILITY = YES_AGGRESSIVE;
				CLANG_WARN_UNREACHABLE_CODE = YES;
				CLANG_WARN__DUPLICATE_METHOD_MATCH = YES;
				COPY_PHASE_STRIP = NO;
				DEBUG_INFORMATION_FORMAT = dwarf;
				ENABLE_STRICT_OBJC_MSGSEND = YES;
				ENABLE_TESTABILITY = YES;
				ENABLE_USER_SCRIPT_SANDBOXING = YES;
				GCC_C_LANGUAGE_STANDARD = gnu17;
				GCC_DYNAMIC_NO_PIC = NO;
				GCC_NO_COMMON_BLOCKS = YES;
				GCC_OPTIMIZATION_LEVEL = 0;
				GCC_PREPROCESSOR_DEFINITIONS = (
					"DEBUG=1",
					"$(inherited)",
				);
				GCC_WARN_64_TO_32_BIT_CONVERSION = YES;
				GCC_WARN_ABOUT_RETURN_TYPE = YES_ERROR;
				GCC_WARN_UNDECLARED_SELECTOR = YES;
				GCC_WARN_UNINITIALIZED_AUTOS = YES_AGGRESSIVE;
				GCC_WARN_UNUSED_FUNCTION = YES;
				GCC_WARN_UNUSED_VARIABLE = YES;
				IPHONEOS_DEPLOYMENT_TARGET = 17.0;
				LOCALIZATION_PREFERS_STRING_CATALOGS = YES;
				MTL_ENABLE_DEBUG_INFO = INCLUDE_SOURCE;
				MTL_FAST_MATH = YES;
				ONLY_ACTIVE_ARCH = YES;
				SDKROOT = iphoneos;
				SWIFT_ACTIVE_COMPILATION_CONDITIONS = "DEBUG $(inherited)";
				SWIFT_OPTIMIZATION_LEVEL = "-Onone";
			};
			name = Debug;
		};
		AA9001000000000000000002 /* Release */ = {
			isa = XCBuildConfiguration;
			buildSettings = {
				ALWAYS_SEARCH_USER_PATHS = NO;
				ASSETCATALOG_COMPILER_GENERATE_SWIFT_ASSET_SYMBOL_EXTENSIONS = YES;
				CLANG_ANALYZER_NONNULL = YES;
				CLANG_ANALYZER_NUMBER_OBJECT_CONVERSION = YES_AGGRESSIVE;
				CLANG_CXX_LANGUAGE_STANDARD = "gnu++20";
				CLANG_ENABLE_MODULES = YES;
				CLANG_ENABLE_OBJC_ARC = YES;
				CLANG_ENABLE_OBJC_WEAK = YES;
				CLANG_WARN_BLOCK_CAPTURE_AUTORELEASING = YES;
				CLANG_WARN_BOOL_CONVERSION = YES;
				CLANG_WARN_COMMA = YES;
				CLANG_WARN_CONSTANT_CONVERSION = YES;
				CLANG_WARN_DEPRECATED_OBJC_IMPLEMENTATIONS = YES;
				CLANG_WARN_DIRECT_OBJC_ISA_USAGE = YES_ERROR;
				CLANG_WARN_DOCUMENTATION_COMMENTS = YES;
				CLANG_WARN_EMPTY_BODY = YES;
				CLANG_WARN_ENUM_CONVERSION = YES;
				CLANG_WARN_INFINITE_RECURSION = YES;
				CLANG_WARN_INT_CONVERSION = YES;
				CLANG_WARN_NON_LITERAL_NULL_CONVERSION = YES;
				CLANG_WARN_OBJC_IMPLICIT_RETAIN_SELF = YES;
				CLANG_WARN_OBJC_LITERAL_CONVERSION = YES;
				CLANG_WARN_OBJC_ROOT_CLASS = YES_ERROR;
				CLANG_WARN_QUOTED_INCLUDE_IN_FRAMEWORK_HEADER = YES;
				CLANG_WARN_RANGE_LOOP_ANALYSIS = YES;
				CLANG_WARN_STRICT_PROTOTYPES = YES;
				CLANG_WARN_SUSPICIOUS_MOVE = YES;
				CLANG_WARN_UNGUARDED_AVAILABILITY = YES_AGGRESSIVE;
				CLANG_WARN_UNREACHABLE_CODE = YES;
				CLANG_WARN__DUPLICATE_METHOD_MATCH = YES;
				COPY_PHASE_STRIP = NO;
				DEBUG_INFORMATION_FORMAT = "dwarf-with-dsym";
				ENABLE_NS_ASSERTIONS = NO;
				ENABLE_STRICT_OBJC_MSGSEND = YES;
				ENABLE_USER_SCRIPT_SANDBOXING = YES;
				GCC_C_LANGUAGE_STANDARD = gnu17;
				GCC_NO_COMMON_BLOCKS = YES;
				GCC_WARN_64_TO_32_BIT_CONVERSION = YES;
				GCC_WARN_ABOUT_RETURN_TYPE = YES_ERROR;
				GCC_WARN_UNDECLARED_SELECTOR = YES;
				GCC_WARN_UNINITIALIZED_AUTOS = YES_AGGRESSIVE;
				GCC_WARN_UNUSED_FUNCTION = YES;
				GCC_WARN_UNUSED_VARIABLE = YES;
				IPHONEOS_DEPLOYMENT_TARGET = 17.0;
				LOCALIZATION_PREFERS_STRING_CATALOGS = YES;
				MTL_ENABLE_DEBUG_INFO = NO;
				MTL_FAST_MATH = YES;
				SDKROOT = iphoneos;
				SWIFT_COMPILATION_MODE = wholemodule;
				VALIDATE_PRODUCT = YES;
			};
			name = Release;
		};
		AA9001000000000000000003 /* Debug */ = {
			isa = XCBuildConfiguration;
			buildSettings = {
				ASSETCATALOG_COMPILER_APPICON_NAME = AppIcon;
				ASSETCATALOG_COMPILER_GLOBAL_ACCENT_COLOR_NAME = AccentColor;
				CODE_SIGN_ENTITLEMENTS = ApplianceChecklist/ApplianceChecklist.entitlements;
				CODE_SIGN_STYLE = Automatic;
				CURRENT_PROJECT_VERSION = 1;
				DEVELOPMENT_TEAM = Q2YZA8HRZ4;
				GENERATE_INFOPLIST_FILE = NO;
				INFOPLIST_FILE = ApplianceChecklist/Info.plist;
				INFOPLIST_KEY_CFBundleDisplayName = "Appliance Checklist";
				INFOPLIST_KEY_LSApplicationCategoryType = "public.app-category.utilities";
				INFOPLIST_KEY_UIApplicationSceneManifest_Generation = NO;
				INFOPLIST_KEY_UIApplicationSupportsIndirectInputEvents = YES;
				INFOPLIST_KEY_UILaunchScreen_Generation = YES;
				INFOPLIST_KEY_UISupportedInterfaceOrientations_iPad = "UIInterfaceOrientationPortrait UIInterfaceOrientationPortraitUpsideDown UIInterfaceOrientationLandscapeLeft UIInterfaceOrientationLandscapeRight";
				INFOPLIST_KEY_UISupportedInterfaceOrientations_iPhone = UIInterfaceOrientationPortrait;
				IPHONEOS_DEPLOYMENT_TARGET = 17.6;
				LD_RUNPATH_SEARCH_PATHS = (
					"$(inherited)",
					"@executable_path/Frameworks",
				);
				MARKETING_VERSION = 1.0;
				PRODUCT_BUNDLE_IDENTIFIER = com.appliancechecklist.app;
				PRODUCT_NAME = "$(TARGET_NAME)";
				SWIFT_EMIT_LOC_STRINGS = YES;
				SWIFT_VERSION = 5.9;
				TARGETED_DEVICE_FAMILY = "1,2";
			};
			name = Debug;
		};
		AA9001000000000000000004 /* Release */ = {
			isa = XCBuildConfiguration;
			buildSettings = {
				ASSETCATALOG_COMPILER_APPICON_NAME = AppIcon;
				ASSETCATALOG_COMPILER_GLOBAL_ACCENT_COLOR_NAME = AccentColor;
				CODE_SIGN_ENTITLEMENTS = ApplianceChecklist/ApplianceChecklist.entitlements;
				CODE_SIGN_STYLE = Automatic;
				CURRENT_PROJECT_VERSION = 1;
				DEVELOPMENT_TEAM = Q2YZA8HRZ4;
				GENERATE_INFOPLIST_FILE = NO;
				INFOPLIST_FILE = ApplianceChecklist/Info.plist;
				INFOPLIST_KEY_CFBundleDisplayName = "Appliance Checklist";
				INFOPLIST_KEY_LSApplicationCategoryType = "public.app-category.utilities";
				INFOPLIST_KEY_UIApplicationSceneManifest_Generation = NO;
				INFOPLIST_KEY_UIApplicationSupportsIndirectInputEvents = YES;
				INFOPLIST_KEY_UILaunchScreen_Generation = YES;
				INFOPLIST_KEY_UISupportedInterfaceOrientations_iPad = "UIInterfaceOrientationPortrait UIInterfaceOrientationPortraitUpsideDown UIInterfaceOrientationLandscapeLeft UIInterfaceOrientationLandscapeRight";
				INFOPLIST_KEY_UISupportedInterfaceOrientations_iPhone = UIInterfaceOrientationPortrait;
				IPHONEOS_DEPLOYMENT_TARGET = 17.6;
				LD_RUNPATH_SEARCH_PATHS = (
					"$(inherited)",
					"@executable_path/Frameworks",
				);
				MARKETING_VERSION = 1.0;
				PRODUCT_BUNDLE_IDENTIFIER = com.appliancechecklist.app;
				PRODUCT_NAME = "$(TARGET_NAME)";
				SWIFT_EMIT_LOC_STRINGS = YES;
				SWIFT_VERSION = 5.9;
				TARGETED_DEVICE_FAMILY = "1,2";
			};
			name = Release;
		};
/* End XCBuildConfiguration section */

/* Begin XCConfigurationList section */
		AA7001000000000000000001 /* Build configuration list for PBXProject "ApplianceChecklist" */ = {
			isa = XCConfigurationList;
			buildConfigurations = (
				AA9001000000000000000001 /* Debug */,
				AA9001000000000000000002 /* Release */,
			);
			defaultConfigurationIsVisible = 0;
			defaultConfigurationName = Release;
		};
		AA7001000000000000000002 /* Build configuration list for PBXNativeTarget "ApplianceChecklist" */ = {
			isa = XCConfigurationList;
			buildConfigurations = (
				AA9001000000000000000003 /* Debug */,
				AA9001000000000000000004 /* Release */,
			);
			defaultConfigurationIsVisible = 0;
			defaultConfigurationName = Release;
		};
/* End XCConfigurationList section */
	};
	rootObject = AA8001000000000000000001 /* Project object */;
}
